
Microsoft Visual Studio Solution File, Format Version 12.00
# Visual Studio Version 17
VisualStudioVersion = 17.5.002.0
MinimumVisualStudioVersion = 10.0.40219.1
Project("{2150E333-8FDC-42A3-9474-1A3956D46DE8}") = "src", "src", "{6300C9BD-733C-4D02-978C-D3EC911DE09A}"
EndProject
Project("{9A19103F-16F7-4668-BE54-9A1E7A4F7556}") = "Web", "src\Web\Web.csproj", "{06AD6CD9-42AB-4C66-9B42-260DC4DA7A88}"
EndProject
Project("{9A19103F-16F7-4668-BE54-9A1E7A4F7556}") = "Application", "src\Application\Application.csproj", "{20ABE3CE-82BA-4A00-AF01-1C1D18AF7567}"
EndProject
Project("{9A19103F-16F7-4668-BE54-9A1E7A4F7556}") = "Infrastructure", "src\Infrastructure\Infrastructure.csproj", "{49562817-6EEC-4FA9-BDF4-439CA7513A16}"
EndProject
Project("{9A19103F-16F7-4668-BE54-9A1E7A4F7556}") = "Domain", "src\Domain\Domain.csproj", "{47CD2DD1-2B8A-403D-8876-7D9D233BA340}"
EndProject
Global
	GlobalSection(SolutionConfigurationPlatforms) = preSolution
		Debug|Any CPU = Debug|Any CPU
		Release|Any CPU = Release|Any CPU
	EndGlobalSection
	GlobalSection(ProjectConfigurationPlatforms) = postSolution
		{06AD6CD9-42AB-4C66-9B42-260DC4DA7A88}.Debug|Any CPU.ActiveCfg = Debug|Any CPU
		{06AD6CD9-42AB-4C66-9B42-260DC4DA7A88}.Debug|Any CPU.Build.0 = Debug|Any CPU
		{06AD6CD9-42AB-4C66-9B42-260DC4DA7A88}.Release|Any CPU.ActiveCfg = Release|Any CPU
		{06AD6CD9-42AB-4C66-9B42-260DC4DA7A88}.Release|Any CPU.Build.0 = Release|Any CPU
		{20ABE3CE-82BA-4A00-AF01-1C1D18AF7567}.Debug|Any CPU.ActiveCfg = Debug|Any CPU
		{20ABE3CE-82BA-4A00-AF01-1C1D18AF7567}.Debug|Any CPU.Build.0 = Debug|Any CPU
		{20ABE3CE-82BA-4A00-AF01-1C1D18AF7567}.Release|Any CPU.ActiveCfg = Release|Any CPU
		{20ABE3CE-82BA-4A00-AF01-1C1D18AF7567}.Release|Any CPU.Build.0 = Release|Any CPU
		{49562817-6EEC-4FA9-BDF4-439CA7513A16}.Debug|Any CPU.ActiveCfg = Debug|Any CPU
		{49562817-6EEC-4FA9-BDF4-439CA7513A16}.Debug|Any CPU.Build.0 = Debug|Any CPU
		{49562817-6EEC-4FA9-BDF4-439CA7513A16}.Release|Any CPU.ActiveCfg = Release|Any CPU
		{49562817-6EEC-4FA9-BDF4-439CA7513A16}.Release|Any CPU.Build.0 = Release|Any CPU
		{47CD2DD1-2B8A-403D-8876-7D9D233BA340}.Debug|Any CPU.ActiveCfg = Debug|Any CPU
		{47CD2DD1-2B8A-403D-8876-7D9D233BA340}.Debug|Any CPU.Build.0 = Debug|Any CPU
		{47CD2DD1-2B8A-403D-8876-7D9D233BA340}.Release|Any CPU.ActiveCfg = Release|Any CPU
		{47CD2DD1-2B8A-403D-8876-7D9D233BA340}.Release|Any CPU.Build.0 = Release|Any CPU
	EndGlobalSection
	GlobalSection(SolutionProperties) = preSolution
		HideSolutionNode = FALSE
	EndGlobalSection
	GlobalSection(NestedProjects) = preSolution
		{06AD6CD9-42AB-4C66-9B42-260DC4DA7A88} = {6300C9BD-733C-4D02-978C-D3EC911DE09A}
		{20ABE3CE-82BA-4A00-AF01-1C1D18AF7567} = {6300C9BD-733C-4D02-978C-D3EC911DE09A}
		{49562817-6EEC-4FA9-BDF4-439CA7513A16} = {6300C9BD-733C-4D02-978C-D3EC911DE09A}
		{47CD2DD1-2B8A-403D-8876-7D9D233BA340} = {6300C9BD-733C-4D02-978C-D3EC911DE09A}
	EndGlobalSection
	GlobalSection(ExtensibilityGlobals) = postSolution
		SolutionGuid = {2667ABE3-6450-441E-B441-BF33F349ACA0}
	EndGlobalSection
EndGlobal
