
Microsoft Visual Studio Solution File, Format Version 12.00
# Visual Studio Version 17
VisualStudioVersion = 17.5.002.0
MinimumVisualStudioVersion = 10.0.40219.1
Project("{2150E333-8FDC-42A3-9474-1A3956D46DE8}") = "src", "src", "{64B60686-6CB2-492A-9E3E-5C12EA7211A2}"
EndProject
Project("{9A19103F-16F7-4668-BE54-9A1E7A4F7556}") = "Web", "src\Web\Web.csproj", "{870BE11B-30EA-4F44-9038-2698D94DF377}"
EndProject
Project("{9A19103F-16F7-4668-BE54-9A1E7A4F7556}") = "Application", "src\Application\Application.csproj", "{9AE8997E-FF4B-4420-AD68-9A8010979097}"
EndProject
Project("{9A19103F-16F7-4668-BE54-9A1E7A4F7556}") = "Infrastructure", "src\Infrastructure\Infrastructure.csproj", "{1B4F7DC3-7DEE-427B-BEA7-5E7537B51F39}"
EndProject
Project("{9A19103F-16F7-4668-BE54-9A1E7A4F7556}") = "Domain", "src\Domain\Domain.csproj", "{5ED40CCD-582C-467D-A8DD-BCDE62C67E62}"
EndProject
Global
	GlobalSection(SolutionConfigurationPlatforms) = preSolution
		Debug|Any CPU = Debug|Any CPU
		Release|Any CPU = Release|Any CPU
	EndGlobalSection
	GlobalSection(ProjectConfigurationPlatforms) = postSolution
		{870BE11B-30EA-4F44-9038-2698D94DF377}.Debug|Any CPU.ActiveCfg = Debug|Any CPU
		{870BE11B-30EA-4F44-9038-2698D94DF377}.Debug|Any CPU.Build.0 = Debug|Any CPU
		{870BE11B-30EA-4F44-9038-2698D94DF377}.Release|Any CPU.ActiveCfg = Release|Any CPU
		{870BE11B-30EA-4F44-9038-2698D94DF377}.Release|Any CPU.Build.0 = Release|Any CPU
		{9AE8997E-FF4B-4420-AD68-9A8010979097}.Debug|Any CPU.ActiveCfg = Debug|Any CPU
		{9AE8997E-FF4B-4420-AD68-9A8010979097}.Debug|Any CPU.Build.0 = Debug|Any CPU
		{9AE8997E-FF4B-4420-AD68-9A8010979097}.Release|Any CPU.ActiveCfg = Release|Any CPU
		{9AE8997E-FF4B-4420-AD68-9A8010979097}.Release|Any CPU.Build.0 = Release|Any CPU
		{1B4F7DC3-7DEE-427B-BEA7-5E7537B51F39}.Debug|Any CPU.ActiveCfg = Debug|Any CPU
		{1B4F7DC3-7DEE-427B-BEA7-5E7537B51F39}.Debug|Any CPU.Build.0 = Debug|Any CPU
		{1B4F7DC3-7DEE-427B-BEA7-5E7537B51F39}.Release|Any CPU.ActiveCfg = Release|Any CPU
		{1B4F7DC3-7DEE-427B-BEA7-5E7537B51F39}.Release|Any CPU.Build.0 = Release|Any CPU
		{5ED40CCD-582C-467D-A8DD-BCDE62C67E62}.Debug|Any CPU.ActiveCfg = Debug|Any CPU
		{5ED40CCD-582C-467D-A8DD-BCDE62C67E62}.Debug|Any CPU.Build.0 = Debug|Any CPU
		{5ED40CCD-582C-467D-A8DD-BCDE62C67E62}.Release|Any CPU.ActiveCfg = Release|Any CPU
		{5ED40CCD-582C-467D-A8DD-BCDE62C67E62}.Release|Any CPU.Build.0 = Release|Any CPU
	EndGlobalSection
	GlobalSection(SolutionProperties) = preSolution
		HideSolutionNode = FALSE
	EndGlobalSection
	GlobalSection(NestedProjects) = preSolution
		{870BE11B-30EA-4F44-9038-2698D94DF377} = {64B60686-6CB2-492A-9E3E-5C12EA7211A2}
		{9AE8997E-FF4B-4420-AD68-9A8010979097} = {64B60686-6CB2-492A-9E3E-5C12EA7211A2}
		{1B4F7DC3-7DEE-427B-BEA7-5E7537B51F39} = {64B60686-6CB2-492A-9E3E-5C12EA7211A2}
		{5ED40CCD-582C-467D-A8DD-BCDE62C67E62} = {64B60686-6CB2-492A-9E3E-5C12EA7211A2}
	EndGlobalSection
	GlobalSection(ExtensibilityGlobals) = postSolution
		SolutionGuid = {2667ABE3-6450-441E-B441-BF33F349ACA0}
	EndGlobalSection
EndGlobal
